
Microsoft Visual Studio Solution File, Format Version 12.00
# Visual Studio 15
VisualStudioVersion = 15.0.26430.13
MinimumVisualStudioVersion = 10.0.40219.1
Project("{FAE04EC0-301F-11D3-BF4B-00C04F79EFBC}") = "MVC", "MVC\MVC.csproj", "{E8DB71F5-918D-4B6B-A2B7-5E1ACB9630A5}"
	ProjectSection(ProjectDependencies) = postProject
		{C7104727-3DD7-49E7-81B6-895D281603E2} = {C7104727-3DD7-49E7-81B6-895D281603E2}
	EndProjectSection
EndProject
Project("{FAE04EC0-301F-11D3-BF4B-00C04F79EFBC}") = "BLL", "BLL\BLL.csproj", "{C7104727-3DD7-49E7-81B6-895D281603E2}"
	ProjectSection(ProjectDependencies) = postProject
		{5998A309-FFF4-4426-9D47-061E60EABB2A} = {5998A309-FFF4-4426-9D47-061E60EABB2A}
	EndProjectSection
EndProject
Project("{FAE04EC0-301F-11D3-BF4B-00C04F79EFBC}") = "ClassGenerator", "..\ClassGenerator\ClassGenerator.csproj", "{458CC882-5A2D-4668-B4D9-E9968E7B187B}"
EndProject
Project("{FAE04EC0-301F-11D3-BF4B-00C04F79EFBC}") = "DAL", "DAL\DAL.csproj", "{5998A309-FFF4-4426-9D47-061E60EABB2A}"
EndProject
Global
	GlobalSection(SolutionConfigurationPlatforms) = preSolution
		Debug|Any CPU = Debug|Any CPU
		Release|Any CPU = Release|Any CPU
	EndGlobalSection
	GlobalSection(ProjectConfigurationPlatforms) = postSolution
		{E8DB71F5-918D-4B6B-A2B7-5E1ACB9630A5}.Debug|Any CPU.ActiveCfg = Debug|Any CPU
		{E8DB71F5-918D-4B6B-A2B7-5E1ACB9630A5}.Debug|Any CPU.Build.0 = Debug|Any CPU
		{E8DB71F5-918D-4B6B-A2B7-5E1ACB9630A5}.Release|Any CPU.ActiveCfg = Release|Any CPU
		{E8DB71F5-918D-4B6B-A2B7-5E1ACB9630A5}.Release|Any CPU.Build.0 = Release|Any CPU
		{C7104727-3DD7-49E7-81B6-895D281603E2}.Debug|Any CPU.ActiveCfg = Debug|Any CPU
		{C7104727-3DD7-49E7-81B6-895D281603E2}.Debug|Any CPU.Build.0 = Debug|Any CPU
		{C7104727-3DD7-49E7-81B6-895D281603E2}.Release|Any CPU.ActiveCfg = Release|Any CPU
		{C7104727-3DD7-49E7-81B6-895D281603E2}.Release|Any CPU.Build.0 = Release|Any CPU
		{458CC882-5A2D-4668-B4D9-E9968E7B187B}.Debug|Any CPU.ActiveCfg = Debug|Any CPU
		{458CC882-5A2D-4668-B4D9-E9968E7B187B}.Debug|Any CPU.Build.0 = Debug|Any CPU
		{458CC882-5A2D-4668-B4D9-E9968E7B187B}.Release|Any CPU.ActiveCfg = Release|Any CPU
		{458CC882-5A2D-4668-B4D9-E9968E7B187B}.Release|Any CPU.Build.0 = Release|Any CPU
		{5998A309-FFF4-4426-9D47-061E60EABB2A}.Debug|Any CPU.ActiveCfg = Debug|Any CPU
		{5998A309-FFF4-4426-9D47-061E60EABB2A}.Debug|Any CPU.Build.0 = Debug|Any CPU
		{5998A309-FFF4-4426-9D47-061E60EABB2A}.Release|Any CPU.ActiveCfg = Release|Any CPU
		{5998A309-FFF4-4426-9D47-061E60EABB2A}.Release|Any CPU.Build.0 = Release|Any CPU
	EndGlobalSection
	GlobalSection(SolutionProperties) = preSolution
		HideSolutionNode = FALSE
	EndGlobalSection
EndGlobal
